<?xml version="1.0" encoding="utf-8"?>
<Project ToolsVersion="4.0" xmlns="http://schemas.microsoft.com/developer/msbuild/2003">
  <ItemGroup>
    <Filter Include="main">
      <UniqueIdentifier>{93995380-89BD-4b04-88EB-625FBE52EBFB}</UniqueIdentifier>
      <Extensions>h;hh;hpp;hxx;hm;inl;inc;xsd</Extensions>
    </Filter>
    <Filter Include="Random">
      <UniqueIdentifier>{154cb9ff-9ea5-4143-bc99-9da4b2ed5e72}</UniqueIdentifier>
    </Filter>
    <Filter Include="Time">
      <UniqueIdentifier>{c551da4b-1afd-4c85-ae55-69ba5f16dae7}</UniqueIdentifier>
    </Filter>
    <Filter Include="Log">
      <UniqueIdentifier>{3451c7fd-2074-4c78-9ab9-ca29fd1453f3}</UniqueIdentifier>
    </Filter>
    <Filter Include="Thread">
      <UniqueIdentifier>{82592012-5e7d-4f14-b3b2-558b2377888e}</UniqueIdentifier>
    </Filter>
  </ItemGroup>
  <ItemGroup>
    <ClCompile Include="main.cpp">
      <Filter>main</Filter>
    </ClCompile>
    <ClCompile Include="RandomTest.cpp">
      <Filter>Random</Filter>
    </ClCompile>
    <ClCompile Include="SysTimeTest.cpp">
      <Filter>Time</Filter>
    </ClCompile>
    <ClCompile Include="LogTest.cpp">
      <Filter>Log</Filter>
    </ClCompile>
    <ClCompile Include="ThreadTest.cpp">
      <Filter>Thread</Filter>
    </ClCompile>
  </ItemGroup>
  <ItemGroup>
    <ClInclude Include="FuncDef.h">
      <Filter>main</Filter>
    </ClInclude>
  </ItemGroup>
</Project>