
Microsoft Visual Studio Solution File, Format Version 12.00
# Visual Studio 2013
VisualStudioVersion = 12.0.21005.1
MinimumVisualStudioVersion = 10.0.40219.1
Project("{2150E333-8FDC-42A3-9474-1A3956D46DE8}") = "Product", "Product", "{FD7A3623-4E72-4778-A8E6-80E31AD47BDD}"
EndProject
Project("{2150E333-8FDC-42A3-9474-1A3956D46DE8}") = "UnitTest", "UnitTest", "{2E966645-6C7E-4CF4-8C78-AF96C02A6148}"
EndProject
Project("{2150E333-8FDC-42A3-9474-1A3956D46DE8}") = "Include", "Include", "{15778ABA-D794-470D-A2FD-78AE4C468DEF}"
EndProject
Project("{8BC9CEB8-8B4A-11D0-8D11-00A0C91BC942}") = "Base", "Product\Base\Base.vcxproj", "{37ADC60E-3B6D-466C-8E77-B20C86B16E66}"
EndProject
Project("{8BC9CEB8-8B4A-11D0-8D11-00A0C91BC942}") = "BaseTest", "UnitTest\BaseTest\BaseTest.vcxproj", "{CC3BF28B-7364-49C2-AD5F-768792CA5D34}"
EndProject
Global
	GlobalSection(SolutionConfigurationPlatforms) = preSolution
		Debug|Win32 = Debug|Win32
		Release|Win32 = Release|Win32
	EndGlobalSection
	GlobalSection(ProjectConfigurationPlatforms) = postSolution
		{37ADC60E-3B6D-466C-8E77-B20C86B16E66}.Debug|Win32.ActiveCfg = Debug|Win32
		{37ADC60E-3B6D-466C-8E77-B20C86B16E66}.Debug|Win32.Build.0 = Debug|Win32
		{37ADC60E-3B6D-466C-8E77-B20C86B16E66}.Release|Win32.ActiveCfg = Release|Win32
		{37ADC60E-3B6D-466C-8E77-B20C86B16E66}.Release|Win32.Build.0 = Release|Win32
		{CC3BF28B-7364-49C2-AD5F-768792CA5D34}.Debug|Win32.ActiveCfg = Debug|Win32
		{CC3BF28B-7364-49C2-AD5F-768792CA5D34}.Debug|Win32.Build.0 = Debug|Win32
		{CC3BF28B-7364-49C2-AD5F-768792CA5D34}.Release|Win32.ActiveCfg = Release|Win32
		{CC3BF28B-7364-49C2-AD5F-768792CA5D34}.Release|Win32.Build.0 = Release|Win32
	EndGlobalSection
	GlobalSection(SolutionProperties) = preSolution
		HideSolutionNode = FALSE
	EndGlobalSection
	GlobalSection(NestedProjects) = preSolution
		{15778ABA-D794-470D-A2FD-78AE4C468DEF} = {FD7A3623-4E72-4778-A8E6-80E31AD47BDD}
		{37ADC60E-3B6D-466C-8E77-B20C86B16E66} = {FD7A3623-4E72-4778-A8E6-80E31AD47BDD}
		{CC3BF28B-7364-49C2-AD5F-768792CA5D34} = {2E966645-6C7E-4CF4-8C78-AF96C02A6148}
	EndGlobalSection
EndGlobal
