<?xml version="1.0" encoding="utf-8"?>
<Project ToolsVersion="4.0" xmlns="http://schemas.microsoft.com/developer/msbuild/2003">
  <ItemGroup>
    <Filter Include="Random">
      <UniqueIdentifier>{93995380-89BD-4b04-88EB-625FBE52EBFB}</UniqueIdentifier>
      <Extensions>h;hh;hpp;hxx;hm;inl;inc;xsd</Extensions>
    </Filter>
    <Filter Include="Time">
      <UniqueIdentifier>{1818cc5d-1072-4aa8-bf82-6a2069bfdd92}</UniqueIdentifier>
    </Filter>
    <Filter Include="Log">
      <UniqueIdentifier>{a8b65c75-6eaf-494c-a8e0-a92443fefb0e}</UniqueIdentifier>
    </Filter>
    <Filter Include="Lock">
      <UniqueIdentifier>{d0316491-1a88-428d-9d7a-80181d73f09e}</UniqueIdentifier>
    </Filter>
    <Filter Include="Thread">
      <UniqueIdentifier>{881d2608-048a-4835-9efc-47030e297ff6}</UniqueIdentifier>
    </Filter>
  </ItemGroup>
  <ItemGroup>
    <ClInclude Include="Random.h">
      <Filter>Random</Filter>
    </ClInclude>
    <ClInclude Include="SysTime.h">
      <Filter>Time</Filter>
    </ClInclude>
    <ClInclude Include="Log.h">
      <Filter>Log</Filter>
    </ClInclude>
    <ClInclude Include="Lock.h">
      <Filter>Lock</Filter>
    </ClInclude>
    <ClInclude Include="Thread.h">
      <Filter>Thread</Filter>
    </ClInclude>
  </ItemGroup>
  <ItemGroup>
    <ClCompile Include="Random.cpp">
      <Filter>Random</Filter>
    </ClCompile>
    <ClCompile Include="SysTime.cpp">
      <Filter>Time</Filter>
    </ClCompile>
    <ClCompile Include="Log.cpp">
      <Filter>Log</Filter>
    </ClCompile>
    <ClCompile Include="Lock.cpp">
      <Filter>Lock</Filter>
    </ClCompile>
    <ClCompile Include="Thread.cpp">
      <Filter>Thread</Filter>
    </ClCompile>
  </ItemGroup>
</Project>